// !$*UTF8*$!
{
	archiveVersion = 1;
	classes = {
	};
	objectVersion = 46;
	objects = {

/* Begin PBXBuildFile section */
		8163BB731CC97701000D7F34 /* AppDelegate.swift in Sources */ = {isa = PBXBuildFile; fileRef = 8163BB721CC97701000D7F34 /* AppDelegate.swift */; };
		8163BB751CC97701000D7F34 /* ViewController.swift in Sources */ = {isa = PBXBuildFile; fileRef = 8163BB741CC97701000D7F34 /* ViewController.swift */; };
		8163BB781CC97701000D7F34 /* Main.storyboard in Resources */ = {isa = PBXBuildFile; fileRef = 8163BB761CC97701000D7F34 /* Main.storyboard */; };
		8163BB7A1CC97701000D7F34 /* Assets.xcassets in Resources */ = {isa = PBXBuildFile; fileRef = 8163BB791CC97701000D7F34 /* Assets.xcassets */; };
		8163BB7D1CC97701000D7F34 /* LaunchScreen.storyboard in Resources */ = {isa = PBXBuildFile; fileRef = 8163BB7B1CC97701000D7F34 /* LaunchScreen.storyboard */; };
		8163BB881CC97701000D7F34 /* AppBuilderTests.swift in Sources */ = {isa = PBXBuildFile; fileRef = 8163BB871CC97701000D7F34 /* AppBuilderTests.swift */; };
		8163BB931CC97701000D7F34 /* AppBuilderUITests.swift in Sources */ = {isa = PBXBuildFile; fileRef = 8163BB921CC97701000D7F34 /* AppBuilderUITests.swift */; };
		8163BBA61CCAAEC6000D7F34 /* ImageFromURL.swift in Sources */ = {isa = PBXBuildFile; fileRef = 8163BBA51CCAAEC6000D7F34 /* ImageFromURL.swift */; };
		8163BBA81CCBB176000D7F34 /* VideoFromURL.swift in Sources */ = {isa = PBXBuildFile; fileRef = 8163BBA71CCBB176000D7F34 /* VideoFromURL.swift */; };
		816AE0D31D2439EB00C30895 /* ThumbInternetVideo.png in Resources */ = {isa = PBXBuildFile; fileRef = 816AE0D21D2439EB00C30895 /* ThumbInternetVideo.png */; };
		816AE0D61D2441E000C30895 /* VideoFromLocal.swift in Sources */ = {isa = PBXBuildFile; fileRef = 816AE0D51D2441E000C30895 /* VideoFromLocal.swift */; };
		816AE0D71D2443A000C30895 /* LocalVideo.mp4 in Resources */ = {isa = PBXBuildFile; fileRef = 816AE0D41D24418900C30895 /* LocalVideo.mp4 */; };
		816AE0D91D24441500C30895 /* ThumbLocalVideo.png in Resources */ = {isa = PBXBuildFile; fileRef = 816AE0D81D24441500C30895 /* ThumbLocalVideo.png */; };
/* End PBXBuildFile section */

/* Begin PBXContainerItemProxy section */
		8163BB841CC97701000D7F34 /* PBXContainerItemProxy */ = {
			isa = PBXContainerItemProxy;
			containerPortal = 8163BB671CC97701000D7F34 /* Project object */;
			proxyType = 1;
			remoteGlobalIDString = 8163BB6E1CC97701000D7F34;
			remoteInfo = AppBuilder;
		};
		8163BB8F1CC97701000D7F34 /* PBXContainerItemProxy */ = {
			isa = PBXContainerItemProxy;
			containerPortal = 8163BB671CC97701000D7F34 /* Project object */;
			proxyType = 1;
			remoteGlobalIDString = 8163BB6E1CC97701000D7F34;
			remoteInfo = AppBuilder;
		};
/* End PBXContainerItemProxy section */

/* Begin PBXFileReference section */
		8163BB6F1CC97701000D7F34 /* AppBuilder.app */ = {isa = PBXFileReference; explicitFileType = wrapper.application; includeInIndex = 0; path = AppBuilder.app; sourceTree = BUILT_PRODUCTS_DIR; };
		8163BB721CC97701000D7F34 /* AppDelegate.swift */ = {isa = PBXFileReference; lastKnownFileType = sourcecode.swift; path = AppDelegate.swift; sourceTree = "<group>"; };
		8163BB741CC97701000D7F34 /* ViewController.swift */ = {isa = PBXFileReference; lastKnownFileType = sourcecode.swift; path = ViewController.swift; sourceTree = "<group>"; };
		8163BB771CC97701000D7F34 /* Base */ = {isa = PBXFileReference; lastKnownFileType = file.storyboard; name = Base; path = Base.lproj/Main.storyboard; sourceTree = "<group>"; };
		8163BB791CC97701000D7F34 /* Assets.xcassets */ = {isa = PBXFileReference; lastKnownFileType = folder.assetcatalog; path = Assets.xcassets; sourceTree = "<group>"; };
		8163BB7C1CC97701000D7F34 /* Base */ = {isa = PBXFileReference; lastKnownFileType = file.storyboard; name = Base; path = Base.lproj/LaunchScreen.storyboard; sourceTree = "<group>"; };
		8163BB7E1CC97701000D7F34 /* Info.plist */ = {isa = PBXFileReference; lastKnownFileType = text.plist.xml; path = Info.plist; sourceTree = "<group>"; };
		8163BB831CC97701000D7F34 /* AppBuilderTests.xctest */ = {isa = PBXFileReference; explicitFileType = wrapper.cfbundle; includeInIndex = 0; path = AppBuilderTests.xctest; sourceTree = BUILT_PRODUCTS_DIR; };
		8163BB871CC97701000D7F34 /* AppBuilderTests.swift */ = {isa = PBXFileReference; lastKnownFileType = sourcecode.swift; path = AppBuilderTests.swift; sourceTree = "<group>"; };
		8163BB891CC97701000D7F34 /* Info.plist */ = {isa = PBXFileReference; lastKnownFileType = text.plist.xml; path = Info.plist; sourceTree = "<group>"; };
		8163BB8E1CC97701000D7F34 /* AppBuilderUITests.xctest */ = {isa = PBXFileReference; explicitFileType = wrapper.cfbundle; includeInIndex = 0; path = AppBuilderUITests.xctest; sourceTree = BUILT_PRODUCTS_DIR; };
		8163BB921CC97701000D7F34 /* AppBuilderUITests.swift */ = {isa = PBXFileReference; lastKnownFileType = sourcecode.swift; path = AppBuilderUITests.swift; sourceTree = "<group>"; };
		8163BB941CC97701000D7F34 /* Info.plist */ = {isa = PBXFileReference; lastKnownFileType = text.plist.xml; path = Info.plist; sourceTree = "<group>"; };
		8163BBA51CCAAEC6000D7F34 /* ImageFromURL.swift */ = {isa = PBXFileReference; fileEncoding = 4; lastKnownFileType = sourcecode.swift; path = ImageFromURL.swift; sourceTree = "<group>"; };
		8163BBA71CCBB176000D7F34 /* VideoFromURL.swift */ = {isa = PBXFileReference; fileEncoding = 4; lastKnownFileType = sourcecode.swift; path = VideoFromURL.swift; sourceTree = "<group>"; };
		816AE0D21D2439EB00C30895 /* ThumbInternetVideo.png */ = {isa = PBXFileReference; lastKnownFileType = image.png; path = ThumbInternetVideo.png; sourceTree = "<group>"; };
		816AE0D41D24418900C30895 /* LocalVideo.mp4 */ = {isa = PBXFileReference; lastKnownFileType = file; path = LocalVideo.mp4; sourceTree = "<group>"; };
		816AE0D51D2441E000C30895 /* VideoFromLocal.swift */ = {isa = PBXFileReference; fileEncoding = 4; lastKnownFileType = sourcecode.swift; path = VideoFromLocal.swift; sourceTree = "<group>"; };
		816AE0D81D24441500C30895 /* ThumbLocalVideo.png */ = {isa = PBXFileReference; lastKnownFileType = image.png; path = ThumbLocalVideo.png; sourceTree = "<group>"; };
/* End PBXFileReference section */

/* Begin PBXFrameworksBuildPhase section */
		8163BB6C1CC97701000D7F34 /* Frameworks */ = {
			isa = PBXFrameworksBuildPhase;
			buildActionMask = 2147483647;
			files = (
			);
			runOnlyForDeploymentPostprocessing = 0;
		};
		8163BB801CC97701000D7F34 /* Frameworks */ = {
			isa = PBXFrameworksBuildPhase;
			buildActionMask = 2147483647;
			files = (
			);
			runOnlyForDeploymentPostprocessing = 0;
		};
		8163BB8B1CC97701000D7F34 /* Frameworks */ = {
			isa = PBXFrameworksBuildPhase;
			buildActionMask = 2147483647;
			files = (
			);
			runOnlyForDeploymentPostprocessing = 0;
		};
/* End PBXFrameworksBuildPhase section */

/* Begin PBXGroup section */
		8163BB661CC97701000D7F34 = {
			isa = PBXGroup;
			children = (
				8163BB711CC97701000D7F34 /* AppBuilder */,
				8163BB861CC97701000D7F34 /* AppBuilderTests */,
				8163BB911CC97701000D7F34 /* AppBuilderUITests */,
				8163BB701CC97701000D7F34 /* Products */,
			);
			sourceTree = "<group>";
		};
		8163BB701CC97701000D7F34 /* Products */ = {
			isa = PBXGroup;
			children = (
				8163BB6F1CC97701000D7F34 /* AppBuilder.app */,
				8163BB831CC97701000D7F34 /* AppBuilderTests.xctest */,
				8163BB8E1CC97701000D7F34 /* AppBuilderUITests.xctest */,
			);
			name = Products;
			sourceTree = "<group>";
		};
		8163BB711CC97701000D7F34 /* AppBuilder */ = {
			isa = PBXGroup;
			children = (
				816AE0D21D2439EB00C30895 /* ThumbInternetVideo.png */,
				816AE0D81D24441500C30895 /* ThumbLocalVideo.png */,
				816AE0D41D24418900C30895 /* LocalVideo.mp4 */,
				8163BBA21CCAAD6A000D7F34 /* Tools */,
				8163BB721CC97701000D7F34 /* AppDelegate.swift */,
				8163BB741CC97701000D7F34 /* ViewController.swift */,
				8163BB761CC97701000D7F34 /* Main.storyboard */,
				8163BB791CC97701000D7F34 /* Assets.xcassets */,
				8163BB7B1CC97701000D7F34 /* LaunchScreen.storyboard */,
				8163BB7E1CC97701000D7F34 /* Info.plist */,
			);
			path = AppBuilder;
			sourceTree = "<group>";
		};
		8163BB861CC97701000D7F34 /* AppBuilderTests */ = {
			isa = PBXGroup;
			children = (
				8163BB871CC97701000D7F34 /* AppBuilderTests.swift */,
				8163BB891CC97701000D7F34 /* Info.plist */,
			);
			path = AppBuilderTests;
			sourceTree = "<group>";
		};
		8163BB911CC97701000D7F34 /* AppBuilderUITests */ = {
			isa = PBXGroup;
			children = (
				8163BB921CC97701000D7F34 /* AppBuilderUITests.swift */,
				8163BB941CC97701000D7F34 /* Info.plist */,
			);
			path = AppBuilderUITests;
			sourceTree = "<group>";
		};
		8163BBA21CCAAD6A000D7F34 /* Tools */ = {
			isa = PBXGroup;
			children = (
				8163BBA51CCAAEC6000D7F34 /* ImageFromURL.swift */,
				8163BBA71CCBB176000D7F34 /* VideoFromURL.swift */,
				816AE0D51D2441E000C30895 /* VideoFromLocal.swift */,
			);
			path = Tools;
			sourceTree = "<group>";
		};
/* End PBXGroup section */

/* Begin PBXNativeTarget section */
		8163BB6E1CC97701000D7F34 /* AppBuilder */ = {
			isa = PBXNativeTarget;
			buildConfigurationList = 8163BB971CC97701000D7F34 /* Build configuration list for PBXNativeTarget "AppBuilder" */;
			buildPhases = (
				8163BB6B1CC97701000D7F34 /* Sources */,
				8163BB6C1CC97701000D7F34 /* Frameworks */,
				8163BB6D1CC97701000D7F34 /* Resources */,
			);
			buildRules = (
			);
			dependencies = (
			);
			name = AppBuilder;
			productName = AppBuilder;
			productReference = 8163BB6F1CC97701000D7F34 /* AppBuilder.app */;
			productType = "com.apple.product-type.application";
		};
		8163BB821CC97701000D7F34 /* AppBuilderTests */ = {
			isa = PBXNativeTarget;
			buildConfigurationList = 8163BB9A1CC97701000D7F34 /* Build configuration list for PBXNativeTarget "AppBuilderTests" */;
			buildPhases = (
				8163BB7F1CC97701000D7F34 /* Sources */,
				8163BB801CC97701000D7F34 /* Frameworks */,
				8163BB811CC97701000D7F34 /* Resources */,
			);
			buildRules = (
			);
			dependencies = (
				8163BB851CC97701000D7F34 /* PBXTargetDependency */,
			);
			name = AppBuilderTests;
			productName = AppBuilderTests;
			productReference = 8163BB831CC97701000D7F34 /* AppBuilderTests.xctest */;
			productType = "com.apple.product-type.bundle.unit-test";
		};
		8163BB8D1CC97701000D7F34 /* AppBuilderUITests */ = {
			isa = PBXNativeTarget;
			buildConfigurationList = 8163BB9D1CC97701000D7F34 /* Build configuration list for PBXNativeTarget "AppBuilderUITests" */;
			buildPhases = (
				8163BB8A1CC97701000D7F34 /* Sources */,
				8163BB8B1CC97701000D7F34 /* Frameworks */,
				8163BB8C1CC97701000D7F34 /* Resources */,
			);
			buildRules = (
			);
			dependencies = (
				8163BB901CC97701000D7F34 /* PBXTargetDependency */,
			);
			name = AppBuilderUITests;
			productName = AppBuilderUITests;
			productReference = 8163BB8E1CC97701000D7F34 /* AppBuilderUITests.xctest */;
			productType = "com.apple.product-type.bundle.ui-testing";
		};
/* End PBXNativeTarget section */

/* Begin PBXProject section */
		8163BB671CC97701000D7F34 /* Project object */ = {
			isa = PBXProject;
			attributes = {
				LastSwiftUpdateCheck = 0730;
				LastUpgradeCheck = 0730;
				ORGANIZATIONNAME = "Pablo Guardiola";
				TargetAttributes = {
					8163BB6E1CC97701000D7F34 = {
						CreatedOnToolsVersion = 7.3;
					};
					8163BB821CC97701000D7F34 = {
						CreatedOnToolsVersion = 7.3;
						TestTargetID = 8163BB6E1CC97701000D7F34;
					};
					8163BB8D1CC97701000D7F34 = {
						CreatedOnToolsVersion = 7.3;
						TestTargetID = 8163BB6E1CC97701000D7F34;
					};
				};
			};
			buildConfigurationList = 8163BB6A1CC97701000D7F34 /* Build configuration list for PBXProject "AppBuilder" */;
			compatibilityVersion = "Xcode 3.2";
			developmentRegion = English;
			hasScannedForEncodings = 0;
			knownRegions = (
				en,
				Base,
			);
			mainGroup = 8163BB661CC97701000D7F34;
			productRefGroup = 8163BB701CC97701000D7F34 /* Products */;
			projectDirPath = "";
			projectRoot = "";
			targets = (
				8163BB6E1CC97701000D7F34 /* AppBuilder */,
				8163BB821CC97701000D7F34 /* AppBuilderTests */,
				8163BB8D1CC97701000D7F34 /* AppBuilderUITests */,
			);
		};
/* End PBXProject section */

/* Begin PBXResourcesBuildPhase section */
		8163BB6D1CC97701000D7F34 /* Resources */ = {
			isa = PBXResourcesBuildPhase;
			buildActionMask = 2147483647;
			files = (
				816AE0D91D24441500C30895 /* ThumbLocalVideo.png in Resources */,
				816AE0D71D2443A000C30895 /* LocalVideo.mp4 in Resources */,
				816AE0D31D2439EB00C30895 /* ThumbInternetVideo.png in Resources */,
				8163BB7D1CC97701000D7F34 /* LaunchScreen.storyboard in Resources */,
				8163BB7A1CC97701000D7F34 /* Assets.xcassets in Resources */,
				8163BB781CC97701000D7F34 /* Main.storyboard in Resources */,
			);
			runOnlyForDeploymentPostprocessing = 0;
		};
		8163BB811CC97701000D7F34 /* Resources */ = {
			isa = PBXResourcesBuildPhase;
			buildActionMask = 2147483647;
			files = (
			);
			runOnlyForDeploymentPostprocessing = 0;
		};
		8163BB8C1CC97701000D7F34 /* Resources */ = {
			isa = PBXResourcesBuildPhase;
			buildActionMask = 2147483647;
			files = (
			);
			runOnlyForDeploymentPostprocessing = 0;
		};
/* End PBXResourcesBuildPhase section */

/* Begin PBXSourcesBuildPhase section */
		8163BB6B1CC97701000D7F34 /* Sources */ = {
			isa = PBXSourcesBuildPhase;
			buildActionMask = 2147483647;
			files = (
				816AE0D61D2441E000C30895 /* VideoFromLocal.swift in Sources */,
				8163BBA61CCAAEC6000D7F34 /* ImageFromURL.swift in Sources */,
				8163BB751CC97701000D7F34 /* ViewController.swift in Sources */,
				8163BB731CC97701000D7F34 /* AppDelegate.swift in Sources */,
				8163BBA81CCBB176000D7F34 /* VideoFromURL.swift in Sources */,
			);
			runOnlyForDeploymentPostprocessing = 0;
		};
		8163BB7F1CC97701000D7F34 /* Sources */ = {
			isa = PBXSourcesBuildPhase;
			buildActionMask = 2147483647;
			files = (
				8163BB881CC97701000D7F34 /* AppBuilderTests.swift in Sources */,
			);
			runOnlyForDeploymentPostprocessing = 0;
		};
		8163BB8A1CC97701000D7F34 /* Sources */ = {
			isa = PBXSourcesBuildPhase;
			buildActionMask = 2147483647;
			files = (
				8163BB931CC97701000D7F34 /* AppBuilderUITests.swift in Sources */,
			);
			runOnlyForDeploymentPostprocessing = 0;
		};
/* End PBXSourcesBuildPhase section */

/* Begin PBXTargetDependency section */
		8163BB851CC97701000D7F34 /* PBXTargetDependency */ = {
			isa = PBXTargetDependency;
			target = 8163BB6E1CC97701000D7F34 /* AppBuilder */;
			targetProxy = 8163BB841CC97701000D7F34 /* PBXContainerItemProxy */;
		};
		8163BB901CC97701000D7F34 /* PBXTargetDependency */ = {
			isa = PBXTargetDependency;
			target = 8163BB6E1CC97701000D7F34 /* AppBuilder */;
			targetProxy = 8163BB8F1CC97701000D7F34 /* PBXContainerItemProxy */;
		};
/* End PBXTargetDependency section */

/* Begin PBXVariantGroup section */
		8163BB761CC97701000D7F34 /* Main.storyboard */ = {
			isa = PBXVariantGroup;
			children = (
				8163BB771CC97701000D7F34 /* Base */,
			);
			name = Main.storyboard;
			sourceTree = "<group>";
		};
		8163BB7B1CC97701000D7F34 /* LaunchScreen.storyboard */ = {
			isa = PBXVariantGroup;
			children = (
				8163BB7C1CC97701000D7F34 /* Base */,
			);
			name = LaunchScreen.storyboard;
			sourceTree = "<group>";
		};
/* End PBXVariantGroup section */

/* Begin XCBuildConfiguration section */
		8163BB951CC97701000D7F34 /* Debug */ = {
			isa = XCBuildConfiguration;
			buildSettings = {
				ALWAYS_SEARCH_USER_PATHS = NO;
				CLANG_ANALYZER_NONNULL = YES;
				CLANG_CXX_LANGUAGE_STANDARD = "gnu++0x";
				CLANG_CXX_LIBRARY = "libc++";
				CLANG_ENABLE_MODULES = YES;
				CLANG_ENABLE_OBJC_ARC = YES;
				CLANG_WARN_BOOL_CONVERSION = YES;
				CLANG_WARN_CONSTANT_CONVERSION = YES;
				CLANG_WARN_DIRECT_OBJC_ISA_USAGE = YES_ERROR;
				CLANG_WARN_EMPTY_BODY = YES;
				CLANG_WARN_ENUM_CONVERSION = YES;
				CLANG_WARN_INT_CONVERSION = YES;
				CLANG_WARN_OBJC_ROOT_CLASS = YES_ERROR;
				CLANG_WARN_UNREACHABLE_CODE = YES;
				CLANG_WARN__DUPLICATE_METHOD_MATCH = YES;
				"CODE_SIGN_IDENTITY[sdk=iphoneos*]" = "iPhone Developer";
				COPY_PHASE_STRIP = NO;
				DEBUG_INFORMATION_FORMAT = dwarf;
				ENABLE_STRICT_OBJC_MSGSEND = YES;
				ENABLE_TESTABILITY = YES;
				GCC_C_LANGUAGE_STANDARD = gnu99;
				GCC_DYNAMIC_NO_PIC = NO;
				GCC_NO_COMMON_BLOCKS = YES;
				GCC_OPTIMIZATION_LEVEL = 0;
				GCC_PREPROCESSOR_DEFINITIONS = (
					"DEBUG=1",
					"$(inherited)",
				);
				GCC_WARN_64_TO_32_BIT_CONVERSION = YES;
				GCC_WARN_ABOUT_RETURN_TYPE = YES_ERROR;
				GCC_WARN_UNDECLARED_SELECTOR = YES;
				GCC_WARN_UNINITIALIZED_AUTOS = YES_AGGRESSIVE;
				GCC_WARN_UNUSED_FUNCTION = YES;
				GCC_WARN_UNUSED_VARIABLE = YES;
				IPHONEOS_DEPLOYMENT_TARGET = 9.3;
				MTL_ENABLE_DEBUG_INFO = YES;
				ONLY_ACTIVE_ARCH = YES;
				SDKROOT = iphoneos;
				SWIFT_OPTIMIZATION_LEVEL = "-Onone";
				TARGETED_DEVICE_FAMILY = "1,2";
			};
			name = Debug;
		};
		8163BB961CC97701000D7F34 /* Release */ = {
			isa = XCBuildConfiguration;
			buildSettings = {
				ALWAYS_SEARCH_USER_PATHS = NO;
				CLANG_ANALYZER_NONNULL = YES;
				CLANG_CXX_LANGUAGE_STANDARD = "gnu++0x";
				CLANG_CXX_LIBRARY = "libc++";
				CLANG_ENABLE_MODULES = YES;
				CLANG_ENABLE_OBJC_ARC = YES;
				CLANG_WARN_BOOL_CONVERSION = YES;
				CLANG_WARN_CONSTANT_CONVERSION = YES;
				CLANG_WARN_DIRECT_OBJC_ISA_USAGE = YES_ERROR;
				CLANG_WARN_EMPTY_BODY = YES;
				CLANG_WARN_ENUM_CONVERSION = YES;
				CLANG_WARN_INT_CONVERSION = YES;
				CLANG_WARN_OBJC_ROOT_CLASS = YES_ERROR;
				CLANG_WARN_UNREACHABLE_CODE = YES;
				CLANG_WARN__DUPLICATE_METHOD_MATCH = YES;
				"CODE_SIGN_IDENTITY[sdk=iphoneos*]" = "iPhone Developer";
				COPY_PHASE_STRIP = NO;
				DEBUG_INFORMATION_FORMAT = "dwarf-with-dsym";
				ENABLE_NS_ASSERTIONS = NO;
				ENABLE_STRICT_OBJC_MSGSEND = YES;
				GCC_C_LANGUAGE_STANDARD = gnu99;
				GCC_NO_COMMON_BLOCKS = YES;
				GCC_WARN_64_TO_32_BIT_CONVERSION = YES;
				GCC_WARN_ABOUT_RETURN_TYPE = YES_ERROR;
				GCC_WARN_UNDECLARED_SELECTOR = YES;
				GCC_WARN_UNINITIALIZED_AUTOS = YES_AGGRESSIVE;
				GCC_WARN_UNUSED_FUNCTION = YES;
				GCC_WARN_UNUSED_VARIABLE = YES;
				IPHONEOS_DEPLOYMENT_TARGET = 9.3;
				MTL_ENABLE_DEBUG_INFO = NO;
				SDKROOT = iphoneos;
				TARGETED_DEVICE_FAMILY = "1,2";
				VALIDATE_PRODUCT = YES;
			};
			name = Release;
		};
		8163BB981CC97701000D7F34 /* Debug */ = {
			isa = XCBuildConfiguration;
			buildSettings = {
				ASSETCATALOG_COMPILER_APPICON_NAME = AppIcon;
				INFOPLIST_FILE = AppBuilder/Info.plist;
				LD_RUNPATH_SEARCH_PATHS = "$(inherited) @executable_path/Frameworks";
				PRODUCT_BUNDLE_IDENTIFIER = com.pablojota.AppBuilder;
				PRODUCT_NAME = "$(TARGET_NAME)";
			};
			name = Debug;
		};
		8163BB991CC97701000D7F34 /* Release */ = {
			isa = XCBuildConfiguration;
			buildSettings = {
				ASSETCATALOG_COMPILER_APPICON_NAME = AppIcon;
				INFOPLIST_FILE = AppBuilder/Info.plist;
				LD_RUNPATH_SEARCH_PATHS = "$(inherited) @executable_path/Frameworks";
				PRODUCT_BUNDLE_IDENTIFIER = com.pablojota.AppBuilder;
				PRODUCT_NAME = "$(TARGET_NAME)";
			};
			name = Release;
		};
		8163BB9B1CC97701000D7F34 /* Debug */ = {
			isa = XCBuildConfiguration;
			buildSettings = {
				BUNDLE_LOADER = "$(TEST_HOST)";
				INFOPLIST_FILE = AppBuilderTests/Info.plist;
				LD_RUNPATH_SEARCH_PATHS = "$(inherited) @executable_path/Frameworks @loader_path/Frameworks";
				PRODUCT_BUNDLE_IDENTIFIER = com.pablojota.AppBuilderTests;
				PRODUCT_NAME = "$(TARGET_NAME)";
				TEST_HOST = "$(BUILT_PRODUCTS_DIR)/AppBuilder.app/AppBuilder";
			};
			name = Debug;
		};
		8163BB9C1CC97701000D7F34 /* Release */ = {
			isa = XCBuildConfiguration;
			buildSettings = {
				BUNDLE_LOADER = "$(TEST_HOST)";
				INFOPLIST_FILE = AppBuilderTests/Info.plist;
				LD_RUNPATH_SEARCH_PATHS = "$(inherited) @executable_path/Frameworks @loader_path/Frameworks";
				PRODUCT_BUNDLE_IDENTIFIER = com.pablojota.AppBuilderTests;
				PRODUCT_NAME = "$(TARGET_NAME)";
				TEST_HOST = "$(BUILT_PRODUCTS_DIR)/AppBuilder.app/AppBuilder";
			};
			name = Release;
		};
		8163BB9E1CC97701000D7F34 /* Debug */ = {
			isa = XCBuildConfiguration;
			buildSettings = {
				INFOPLIST_FILE = AppBuilderUITests/Info.plist;
				LD_RUNPATH_SEARCH_PATHS = "$(inherited) @executable_path/Frameworks @loader_path/Frameworks";
				PRODUCT_BUNDLE_IDENTIFIER = com.pablojota.AppBuilderUITests;
				PRODUCT_NAME = "$(TARGET_NAME)";
				TEST_TARGET_NAME = AppBuilder;
			};
			name = Debug;
		};
		8163BB9F1CC97701000D7F34 /* Release */ = {
			isa = XCBuildConfiguration;
			buildSettings = {
				INFOPLIST_FILE = AppBuilderUITests/Info.plist;
				LD_RUNPATH_SEARCH_PATHS = "$(inherited) @executable_path/Frameworks @loader_path/Frameworks";
				PRODUCT_BUNDLE_IDENTIFIER = com.pablojota.AppBuilderUITests;
				PRODUCT_NAME = "$(TARGET_NAME)";
				TEST_TARGET_NAME = AppBuilder;
			};
			name = Release;
		};
/* End XCBuildConfiguration section */

/* Begin XCConfigurationList section */
		8163BB6A1CC97701000D7F34 /* Build configuration list for PBXProject "AppBuilder" */ = {
			isa = XCConfigurationList;
			buildConfigurations = (
				8163BB951CC97701000D7F34 /* Debug */,
				8163BB961CC97701000D7F34 /* Release */,
			);
			defaultConfigurationIsVisible = 0;
			defaultConfigurationName = Release;
		};
		8163BB971CC97701000D7F34 /* Build configuration list for PBXNativeTarget "AppBuilder" */ = {
			isa = XCConfigurationList;
			buildConfigurations = (
				8163BB981CC97701000D7F34 /* Debug */,
				8163BB991CC97701000D7F34 /* Release */,
			);
			defaultConfigurationIsVisible = 0;
			defaultConfigurationName = Release;
		};
		8163BB9A1CC97701000D7F34 /* Build configuration list for PBXNativeTarget "AppBuilderTests" */ = {
			isa = XCConfigurationList;
			buildConfigurations = (
				8163BB9B1CC97701000D7F34 /* Debug */,
				8163BB9C1CC97701000D7F34 /* Release */,
			);
			defaultConfigurationIsVisible = 0;
			defaultConfigurationName = Release;
		};
		8163BB9D1CC97701000D7F34 /* Build configuration list for PBXNativeTarget "AppBuilderUITests" */ = {
			isa = XCConfigurationList;
			buildConfigurations = (
				8163BB9E1CC97701000D7F34 /* Debug */,
				8163BB9F1CC97701000D7F34 /* Release */,
			);
			defaultConfigurationIsVisible = 0;
			defaultConfigurationName = Release;
		};
/* End XCConfigurationList section */
	};
	rootObject = 8163BB671CC97701000D7F34 /* Project object */;
}
